
Microsoft Visual Studio Solution File, Format Version 12.00
# Visual Studio Version 16
VisualStudioVersion = 16.0.30907.101
MinimumVisualStudioVersion = 10.0.40219.1
Project("{FAE04EC0-301F-11D3-BF4B-00C04F79EFBC}") = "SimuladorTurbina", "SimuladorTurbina\SimuladorTurbina.csproj", "{7187D59A-11BD-440F-B00D-006291DF45C4}"
EndProject
Global
	GlobalSection(SolutionConfigurationPlatforms) = preSolution
		Debug|Any CPU = Debug|Any CPU
		Release|Any CPU = Release|Any CPU
	EndGlobalSection
	GlobalSection(ProjectConfigurationPlatforms) = postSolution
		{7187D59A-11BD-440F-B00D-006291DF45C4}.Debug|Any CPU.ActiveCfg = Debug|Any CPU
		{7187D59A-11BD-440F-B00D-006291DF45C4}.Debug|Any CPU.Build.0 = Debug|Any CPU
		{7187D59A-11BD-440F-B00D-006291DF45C4}.Release|Any CPU.ActiveCfg = Release|Any CPU
		{7187D59A-11BD-440F-B00D-006291DF45C4}.Release|Any CPU.Build.0 = Release|Any CPU
	EndGlobalSection
	GlobalSection(SolutionProperties) = preSolution
		HideSolutionNode = FALSE
	EndGlobalSection
	GlobalSection(ExtensibilityGlobals) = postSolution
		SolutionGuid = {26870B7C-DC43-4C74-9C69-ABB320670BA0}
	EndGlobalSection
EndGlobal
